
Microsoft Visual Studio Solution File, Format Version 12.00
# Visual Studio Version 16
VisualStudioVersion = 16.0.29411.108
MinimumVisualStudioVersion = 10.0.40219.1
Project("{FAE04EC0-301F-11D3-BF4B-00C04F79EFBC}") = "EFCore", "EFCore\EFCore.csproj", "{885998B3-E5DD-409C-9A64-5D4B8A486729}"
EndProject
Project("{FAE04EC0-301F-11D3-BF4B-00C04F79EFBC}") = "EFCore.Domain", "EFCore.Domain\EFCore.Domain.csproj", "{763D16F3-9822-4AFD-AFEE-4BF2D2B61D92}"
EndProject
Project("{FAE04EC0-301F-11D3-BF4B-00C04F79EFBC}") = "EFCore.Data", "EFCore.Data\EFCore.Data.csproj", "{D8607DE5-C12E-4448-AB66-5AB56602C5BC}"
EndProject
Global
	GlobalSection(SolutionConfigurationPlatforms) = preSolution
		Debug|Any CPU = Debug|Any CPU
		Release|Any CPU = Release|Any CPU
	EndGlobalSection
	GlobalSection(ProjectConfigurationPlatforms) = postSolution
		{885998B3-E5DD-409C-9A64-5D4B8A486729}.Debug|Any CPU.ActiveCfg = Debug|Any CPU
		{885998B3-E5DD-409C-9A64-5D4B8A486729}.Debug|Any CPU.Build.0 = Debug|Any CPU
		{885998B3-E5DD-409C-9A64-5D4B8A486729}.Release|Any CPU.ActiveCfg = Release|Any CPU
		{885998B3-E5DD-409C-9A64-5D4B8A486729}.Release|Any CPU.Build.0 = Release|Any CPU
		{763D16F3-9822-4AFD-AFEE-4BF2D2B61D92}.Debug|Any CPU.ActiveCfg = Debug|Any CPU
		{763D16F3-9822-4AFD-AFEE-4BF2D2B61D92}.Debug|Any CPU.Build.0 = Debug|Any CPU
		{763D16F3-9822-4AFD-AFEE-4BF2D2B61D92}.Release|Any CPU.ActiveCfg = Release|Any CPU
		{763D16F3-9822-4AFD-AFEE-4BF2D2B61D92}.Release|Any CPU.Build.0 = Release|Any CPU
		{D8607DE5-C12E-4448-AB66-5AB56602C5BC}.Debug|Any CPU.ActiveCfg = Debug|Any CPU
		{D8607DE5-C12E-4448-AB66-5AB56602C5BC}.Debug|Any CPU.Build.0 = Debug|Any CPU
		{D8607DE5-C12E-4448-AB66-5AB56602C5BC}.Release|Any CPU.ActiveCfg = Release|Any CPU
		{D8607DE5-C12E-4448-AB66-5AB56602C5BC}.Release|Any CPU.Build.0 = Release|Any CPU
	EndGlobalSection
	GlobalSection(SolutionProperties) = preSolution
		HideSolutionNode = FALSE
	EndGlobalSection
	GlobalSection(ExtensibilityGlobals) = postSolution
		SolutionGuid = {7C185E71-7EF1-43DB-B7CA-A75F540521C1}
	EndGlobalSection
EndGlobal
